
Microsoft Visual Studio Solution File, Format Version 12.00
# Visual Studio Version 16
VisualStudioVersion = 16.0.30413.136
MinimumVisualStudioVersion = 10.0.40219.1
Project("{9A19103F-16F7-4668-BE54-9A1E7A4F7556}") = "Lab02", "Lab02\Lab02.csproj", "{E641CC00-18ED-41DD-BA80-799FC9E8AB93}"
EndProject
Project("{FAE04EC0-301F-11D3-BF4B-00C04F79EFBC}") = "ShapeLibrary", "ShapeLibrary\ShapeLibrary.csproj", "{36AA97DD-CDC4-45B4-8834-F1C16B9196A9}"
EndProject
Global
	GlobalSection(SolutionConfigurationPlatforms) = preSolution
		Debug|Any CPU = Debug|Any CPU
		Release|Any CPU = Release|Any CPU
	EndGlobalSection
	GlobalSection(ProjectConfigurationPlatforms) = postSolution
		{E641CC00-18ED-41DD-BA80-799FC9E8AB93}.Debug|Any CPU.ActiveCfg = Debug|Any CPU
		{E641CC00-18ED-41DD-BA80-799FC9E8AB93}.Debug|Any CPU.Build.0 = Debug|Any CPU
		{E641CC00-18ED-41DD-BA80-799FC9E8AB93}.Release|Any CPU.ActiveCfg = Release|Any CPU
		{E641CC00-18ED-41DD-BA80-799FC9E8AB93}.Release|Any CPU.Build.0 = Release|Any CPU
		{36AA97DD-CDC4-45B4-8834-F1C16B9196A9}.Debug|Any CPU.ActiveCfg = Debug|Any CPU
		{36AA97DD-CDC4-45B4-8834-F1C16B9196A9}.Debug|Any CPU.Build.0 = Debug|Any CPU
		{36AA97DD-CDC4-45B4-8834-F1C16B9196A9}.Release|Any CPU.ActiveCfg = Release|Any CPU
		{36AA97DD-CDC4-45B4-8834-F1C16B9196A9}.Release|Any CPU.Build.0 = Release|Any CPU
	EndGlobalSection
	GlobalSection(SolutionProperties) = preSolution
		HideSolutionNode = FALSE
	EndGlobalSection
	GlobalSection(ExtensibilityGlobals) = postSolution
		SolutionGuid = {06184853-F57A-4C48-B117-733ECC4120E6}
	EndGlobalSection
EndGlobal
